
Microsoft Visual Studio Solution File, Format Version 12.00
# Visual Studio Version 16
VisualStudioVersion = 16.0.33801.447
MinimumVisualStudioVersion = 10.0.40219.1
Project("{FAE04EC0-301F-11D3-BF4B-00C04F79EFBC}") = "ExperimentWithControls", "ExperimentWithControls\ExperimentWithControls.csproj", "{9AC6BD1D-169E-4D02-B96B-C42AD5626A11}"
EndProject
Global
	GlobalSection(SolutionConfigurationPlatforms) = preSolution
		Debug|Any CPU = Debug|Any CPU
		Release|Any CPU = Release|Any CPU
	EndGlobalSection
	GlobalSection(ProjectConfigurationPlatforms) = postSolution
		{9AC6BD1D-169E-4D02-B96B-C42AD5626A11}.Debug|Any CPU.ActiveCfg = Debug|Any CPU
		{9AC6BD1D-169E-4D02-B96B-C42AD5626A11}.Debug|Any CPU.Build.0 = Debug|Any CPU
		{9AC6BD1D-169E-4D02-B96B-C42AD5626A11}.Release|Any CPU.ActiveCfg = Release|Any CPU
		{9AC6BD1D-169E-4D02-B96B-C42AD5626A11}.Release|Any CPU.Build.0 = Release|Any CPU
	EndGlobalSection
	GlobalSection(SolutionProperties) = preSolution
		HideSolutionNode = FALSE
	EndGlobalSection
	GlobalSection(ExtensibilityGlobals) = postSolution
		SolutionGuid = {B6A36C0F-7829-4802-9F75-03A717C3AF23}
	EndGlobalSection
EndGlobal
